
Microsoft Visual Studio Solution File, Format Version 12.00
# Visual Studio 14
VisualStudioVersion = 14.0.25420.1
MinimumVisualStudioVersion = 10.0.40219.1
Project("{FAE04EC0-301F-11D3-BF4B-00C04F79EFBC}") = "SB.Pages", "SB.Pages\SB.Pages.csproj", "{E04D8739-E2A9-4FD1-BC73-2ABFCF556DDA}"
EndProject
Project("{FAE04EC0-301F-11D3-BF4B-00C04F79EFBC}") = "SB.WorkFlows", "SB.WorkFlow\SB.WorkFlows.csproj", "{C9CC0152-6F49-4FB2-912B-95FF4D96A1EC}"
EndProject
Project("{FAE04EC0-301F-11D3-BF4B-00C04F79EFBC}") = "SB.Tests", "SB.Tests\SB.Tests.csproj", "{51799BA9-C464-4918-AB94-8E4BA967EAA2}"
EndProject
Project("{FAE04EC0-301F-11D3-BF4B-00C04F79EFBC}") = "SB.Common", "Common\SB.Common.csproj", "{EC3F66C2-B9A8-46D7-9743-602FB5DE4C07}"
EndProject
Project("{FAE04EC0-301F-11D3-BF4B-00C04F79EFBC}") = "SB.Services", "SB.Services\SB.Services.csproj", "{4D78F292-8FEE-465F-9454-A0FE4859323F}"
EndProject
Global
	GlobalSection(SolutionConfigurationPlatforms) = preSolution
		Debug|Any CPU = Debug|Any CPU
		GE1|Any CPU = GE1|Any CPU
		GE2|Any CPU = GE2|Any CPU
		GE3|Any CPU = GE3|Any CPU
		GE4|Any CPU = GE4|Any CPU
		Release|Any CPU = Release|Any CPU
	EndGlobalSection
	GlobalSection(ProjectConfigurationPlatforms) = postSolution
		{E04D8739-E2A9-4FD1-BC73-2ABFCF556DDA}.Debug|Any CPU.ActiveCfg = Debug|Any CPU
		{E04D8739-E2A9-4FD1-BC73-2ABFCF556DDA}.Debug|Any CPU.Build.0 = Debug|Any CPU
		{E04D8739-E2A9-4FD1-BC73-2ABFCF556DDA}.GE1|Any CPU.ActiveCfg = GE1|Any CPU
		{E04D8739-E2A9-4FD1-BC73-2ABFCF556DDA}.GE1|Any CPU.Build.0 = GE1|Any CPU
		{E04D8739-E2A9-4FD1-BC73-2ABFCF556DDA}.GE2|Any CPU.ActiveCfg = GE2|Any CPU
		{E04D8739-E2A9-4FD1-BC73-2ABFCF556DDA}.GE2|Any CPU.Build.0 = GE2|Any CPU
		{E04D8739-E2A9-4FD1-BC73-2ABFCF556DDA}.GE3|Any CPU.ActiveCfg = GE3|Any CPU
		{E04D8739-E2A9-4FD1-BC73-2ABFCF556DDA}.GE3|Any CPU.Build.0 = GE3|Any CPU
		{E04D8739-E2A9-4FD1-BC73-2ABFCF556DDA}.GE4|Any CPU.ActiveCfg = GE4|Any CPU
		{E04D8739-E2A9-4FD1-BC73-2ABFCF556DDA}.GE4|Any CPU.Build.0 = GE4|Any CPU
		{E04D8739-E2A9-4FD1-BC73-2ABFCF556DDA}.Release|Any CPU.ActiveCfg = Release|Any CPU
		{E04D8739-E2A9-4FD1-BC73-2ABFCF556DDA}.Release|Any CPU.Build.0 = Release|Any CPU
		{C9CC0152-6F49-4FB2-912B-95FF4D96A1EC}.Debug|Any CPU.ActiveCfg = Debug|Any CPU
		{C9CC0152-6F49-4FB2-912B-95FF4D96A1EC}.Debug|Any CPU.Build.0 = Debug|Any CPU
		{C9CC0152-6F49-4FB2-912B-95FF4D96A1EC}.GE1|Any CPU.ActiveCfg = GE1|Any CPU
		{C9CC0152-6F49-4FB2-912B-95FF4D96A1EC}.GE1|Any CPU.Build.0 = GE1|Any CPU
		{C9CC0152-6F49-4FB2-912B-95FF4D96A1EC}.GE2|Any CPU.ActiveCfg = GE2|Any CPU
		{C9CC0152-6F49-4FB2-912B-95FF4D96A1EC}.GE2|Any CPU.Build.0 = GE2|Any CPU
		{C9CC0152-6F49-4FB2-912B-95FF4D96A1EC}.GE3|Any CPU.ActiveCfg = GE3|Any CPU
		{C9CC0152-6F49-4FB2-912B-95FF4D96A1EC}.GE3|Any CPU.Build.0 = GE3|Any CPU
		{C9CC0152-6F49-4FB2-912B-95FF4D96A1EC}.GE4|Any CPU.ActiveCfg = GE4|Any CPU
		{C9CC0152-6F49-4FB2-912B-95FF4D96A1EC}.GE4|Any CPU.Build.0 = GE4|Any CPU
		{C9CC0152-6F49-4FB2-912B-95FF4D96A1EC}.Release|Any CPU.ActiveCfg = Release|Any CPU
		{C9CC0152-6F49-4FB2-912B-95FF4D96A1EC}.Release|Any CPU.Build.0 = Release|Any CPU
		{51799BA9-C464-4918-AB94-8E4BA967EAA2}.Debug|Any CPU.ActiveCfg = Debug|Any CPU
		{51799BA9-C464-4918-AB94-8E4BA967EAA2}.Debug|Any CPU.Build.0 = Debug|Any CPU
		{51799BA9-C464-4918-AB94-8E4BA967EAA2}.GE1|Any CPU.ActiveCfg = GE1|Any CPU
		{51799BA9-C464-4918-AB94-8E4BA967EAA2}.GE1|Any CPU.Build.0 = GE1|Any CPU
		{51799BA9-C464-4918-AB94-8E4BA967EAA2}.GE2|Any CPU.ActiveCfg = GE2|Any CPU
		{51799BA9-C464-4918-AB94-8E4BA967EAA2}.GE2|Any CPU.Build.0 = GE2|Any CPU
		{51799BA9-C464-4918-AB94-8E4BA967EAA2}.GE3|Any CPU.ActiveCfg = GE3|Any CPU
		{51799BA9-C464-4918-AB94-8E4BA967EAA2}.GE3|Any CPU.Build.0 = GE3|Any CPU
		{51799BA9-C464-4918-AB94-8E4BA967EAA2}.GE4|Any CPU.ActiveCfg = GE4|Any CPU
		{51799BA9-C464-4918-AB94-8E4BA967EAA2}.GE4|Any CPU.Build.0 = GE4|Any CPU
		{51799BA9-C464-4918-AB94-8E4BA967EAA2}.Release|Any CPU.ActiveCfg = Release|Any CPU
		{51799BA9-C464-4918-AB94-8E4BA967EAA2}.Release|Any CPU.Build.0 = Release|Any CPU
		{EC3F66C2-B9A8-46D7-9743-602FB5DE4C07}.Debug|Any CPU.ActiveCfg = Debug|Any CPU
		{EC3F66C2-B9A8-46D7-9743-602FB5DE4C07}.Debug|Any CPU.Build.0 = Debug|Any CPU
		{EC3F66C2-B9A8-46D7-9743-602FB5DE4C07}.GE1|Any CPU.ActiveCfg = GE1|Any CPU
		{EC3F66C2-B9A8-46D7-9743-602FB5DE4C07}.GE1|Any CPU.Build.0 = GE1|Any CPU
		{EC3F66C2-B9A8-46D7-9743-602FB5DE4C07}.GE2|Any CPU.ActiveCfg = GE2|Any CPU
		{EC3F66C2-B9A8-46D7-9743-602FB5DE4C07}.GE2|Any CPU.Build.0 = GE2|Any CPU
		{EC3F66C2-B9A8-46D7-9743-602FB5DE4C07}.GE3|Any CPU.ActiveCfg = GE3|Any CPU
		{EC3F66C2-B9A8-46D7-9743-602FB5DE4C07}.GE3|Any CPU.Build.0 = GE3|Any CPU
		{EC3F66C2-B9A8-46D7-9743-602FB5DE4C07}.GE4|Any CPU.ActiveCfg = GE4|Any CPU
		{EC3F66C2-B9A8-46D7-9743-602FB5DE4C07}.GE4|Any CPU.Build.0 = GE4|Any CPU
		{EC3F66C2-B9A8-46D7-9743-602FB5DE4C07}.Release|Any CPU.ActiveCfg = Release|Any CPU
		{EC3F66C2-B9A8-46D7-9743-602FB5DE4C07}.Release|Any CPU.Build.0 = Release|Any CPU
		{4D78F292-8FEE-465F-9454-A0FE4859323F}.Debug|Any CPU.ActiveCfg = Debug|Any CPU
		{4D78F292-8FEE-465F-9454-A0FE4859323F}.Debug|Any CPU.Build.0 = Debug|Any CPU
		{4D78F292-8FEE-465F-9454-A0FE4859323F}.GE1|Any CPU.ActiveCfg = GE1|Any CPU
		{4D78F292-8FEE-465F-9454-A0FE4859323F}.GE1|Any CPU.Build.0 = GE1|Any CPU
		{4D78F292-8FEE-465F-9454-A0FE4859323F}.GE2|Any CPU.ActiveCfg = GE2|Any CPU
		{4D78F292-8FEE-465F-9454-A0FE4859323F}.GE2|Any CPU.Build.0 = GE2|Any CPU
		{4D78F292-8FEE-465F-9454-A0FE4859323F}.GE3|Any CPU.ActiveCfg = GE3|Any CPU
		{4D78F292-8FEE-465F-9454-A0FE4859323F}.GE3|Any CPU.Build.0 = GE3|Any CPU
		{4D78F292-8FEE-465F-9454-A0FE4859323F}.GE4|Any CPU.ActiveCfg = GE4|Any CPU
		{4D78F292-8FEE-465F-9454-A0FE4859323F}.GE4|Any CPU.Build.0 = GE4|Any CPU
		{4D78F292-8FEE-465F-9454-A0FE4859323F}.Release|Any CPU.ActiveCfg = Release|Any CPU
		{4D78F292-8FEE-465F-9454-A0FE4859323F}.Release|Any CPU.Build.0 = Release|Any CPU
	EndGlobalSection
	GlobalSection(SolutionProperties) = preSolution
		HideSolutionNode = FALSE
	EndGlobalSection
	GlobalSection(TeamFoundationVersionControl) = preSolution
		SccNumberOfProjects = 6
		SccEnterpriseProvider = {4CA58AB2-18FA-4F8D-95D4-32DDF27D184C}
		SccTeamFoundationServer = http://tfs2.dell.com:8080/tfs/edell
		SccLocalPath0 = .
		SccProjectUniqueName1 = Common\\SB.Common.csproj
		SccProjectName1 = Common
		SccLocalPath1 = Common
		SccProjectUniqueName2 = SB.Pages\\SB.Pages.csproj
		SccProjectName2 = SB.Pages
		SccLocalPath2 = SB.Pages
		SccProjectUniqueName3 = SB.Services\\SB.Services.csproj
		SccProjectName3 = SB.Services
		SccLocalPath3 = SB.Services
		SccProjectUniqueName4 = SB.Tests\\SB.Tests.csproj
		SccProjectName4 = SB.Tests
		SccLocalPath4 = SB.Tests
		SccProjectUniqueName5 = SB.WorkFlow\\SB.WorkFlows.csproj
		SccProjectName5 = SB.WorkFlow
		SccLocalPath5 = SB.WorkFlow
	EndGlobalSection
EndGlobal
